
Microsoft Visual Studio Solution File, Format Version 12.00
# Visual Studio Version 16
VisualStudioVersion = 16.0.31321.278
MinimumVisualStudioVersion = 10.0.40219.1
Project("{FAE04EC0-301F-11D3-BF4B-00C04F79EFBC}") = "WebApi.Ecommerce.Test", "WebApi.Ecommerce.Test\WebApi.Ecommerce.Test.csproj", "{7907BF44-BA01-458E-A965-DC5B9DA57FF9}"
EndProject
Global
	GlobalSection(SolutionConfigurationPlatforms) = preSolution
		Debug|Any CPU = Debug|Any CPU
		Release|Any CPU = Release|Any CPU
	EndGlobalSection
	GlobalSection(ProjectConfigurationPlatforms) = postSolution
		{7907BF44-BA01-458E-A965-DC5B9DA57FF9}.Debug|Any CPU.ActiveCfg = Debug|Any CPU
		{7907BF44-BA01-458E-A965-DC5B9DA57FF9}.Debug|Any CPU.Build.0 = Debug|Any CPU
		{7907BF44-BA01-458E-A965-DC5B9DA57FF9}.Release|Any CPU.ActiveCfg = Release|Any CPU
		{7907BF44-BA01-458E-A965-DC5B9DA57FF9}.Release|Any CPU.Build.0 = Release|Any CPU
	EndGlobalSection
	GlobalSection(SolutionProperties) = preSolution
		HideSolutionNode = FALSE
	EndGlobalSection
	GlobalSection(ExtensibilityGlobals) = postSolution
		SolutionGuid = {12046B35-56AE-450C-8E31-8FC98D0EE0BF}
	EndGlobalSection
EndGlobal
